
Microsoft Visual Studio Solution File, Format Version 12.00
# Visual Studio Version 17
VisualStudioVersion = 17.2.32616.157
MinimumVisualStudioVersion = 10.0.40219.1
Project("{FAE04EC0-301F-11D3-BF4B-00C04F79EFBC}") = "WebApplication1", "WebApplication1\WebApplication1.csproj", "{16A77D70-B3A2-44C9-A1A7-01140BF23AB3}"
EndProject
Global
	GlobalSection(SolutionConfigurationPlatforms) = preSolution
		Debug|Any CPU = Debug|Any CPU
		Release|Any CPU = Release|Any CPU
	EndGlobalSection
	GlobalSection(ProjectConfigurationPlatforms) = postSolution
		{16A77D70-B3A2-44C9-A1A7-01140BF23AB3}.Debug|Any CPU.ActiveCfg = Debug|Any CPU
		{16A77D70-B3A2-44C9-A1A7-01140BF23AB3}.Debug|Any CPU.Build.0 = Debug|Any CPU
		{16A77D70-B3A2-44C9-A1A7-01140BF23AB3}.Release|Any CPU.ActiveCfg = Release|Any CPU
		{16A77D70-B3A2-44C9-A1A7-01140BF23AB3}.Release|Any CPU.Build.0 = Release|Any CPU
	EndGlobalSection
	GlobalSection(SolutionProperties) = preSolution
		HideSolutionNode = FALSE
	EndGlobalSection
	GlobalSection(ExtensibilityGlobals) = postSolution
		SolutionGuid = {6DBB1D84-2507-443F-9125-4A24A5319EA7}
	EndGlobalSection
EndGlobal
